
Microsoft Visual Studio Solution File, Format Version 12.00
# Visual Studio 15
VisualStudioVersion = 15.0.28307.168
MinimumVisualStudioVersion = 10.0.40219.1
Project("{2150E333-8FDC-42A3-9474-1A3956D46DE8}") = "src", "src", "{4D84D0DA-0AF7-4B07-BCE1-88CC2C78F46A}"
	ProjectSection(SolutionItems) = preProject
		src\Directory.Build.props = src\Directory.Build.props
	EndProjectSection
EndProject
Project("{2150E333-8FDC-42A3-9474-1A3956D46DE8}") = "test", "test", "{7D845232-1964-41E6-AECF-C65405C5CE9C}"
EndProject
Project("{9A19103F-16F7-4668-BE54-9A1E7A4F7556}") = "MR.Analyzers.Whitespace", "src\MR.Analyzers.Whitespace\MR.Analyzers.Whitespace.csproj", "{518D73C8-6845-41D8-A8CC-BDFEAB1041DE}"
EndProject
Project("{2150E333-8FDC-42A3-9474-1A3956D46DE8}") = "Solution Items", "Solution Items", "{51263C76-565E-4D43-8F2C-0C4B545C07BD}"
	ProjectSection(SolutionItems) = preProject
		.editorconfig = .editorconfig
		.gitattributes = .gitattributes
		.gitignore = .gitignore
		LICENSE.txt = LICENSE.txt
		README.md = README.md
	EndProjectSection
EndProject
Project("{9A19103F-16F7-4668-BE54-9A1E7A4F7556}") = "MR.Analyzers.Whitespace.Tests", "test\MR.Analyzers.Whitespace.Tests\MR.Analyzers.Whitespace.Tests.csproj", "{ED071C2B-D69F-413B-AC23-DA1E149E0AFA}"
EndProject
Project("{2150E333-8FDC-42A3-9474-1A3956D46DE8}") = "build", "build", "{89238275-F7D7-48F3-8889-AD1D2E76A714}"
	ProjectSection(SolutionItems) = preProject
		appveyor.yml = appveyor.yml
		build.cake = build.cake
		Directory.Build.props = Directory.Build.props
		Directory.Build.targets = Directory.Build.targets
		build\index.cake = build\index.cake
		build\util.cake = build\util.cake
		build\version.cake = build\version.cake
		build\version.props = build\version.props
	EndProjectSection
EndProject
Project("{2150E333-8FDC-42A3-9474-1A3956D46DE8}") = "VSIX", "VSIX", "{51D9D999-533F-4B66-BFAE-CE03B0F19447}"
EndProject
Project("{FAE04EC0-301F-11D3-BF4B-00C04F79EFBC}") = "MR.Analyzers.Whitespace.VSIX", "VSIX\MR.Analyzers.Whitespace.VSIX\MR.Analyzers.Whitespace.VSIX.csproj", "{CAE4F4DE-26DA-4822-B7EA-9BE516B9B04A}"
EndProject
Global
	GlobalSection(SolutionConfigurationPlatforms) = preSolution
		Debug|Any CPU = Debug|Any CPU
		Release|Any CPU = Release|Any CPU
	EndGlobalSection
	GlobalSection(ProjectConfigurationPlatforms) = postSolution
		{518D73C8-6845-41D8-A8CC-BDFEAB1041DE}.Debug|Any CPU.ActiveCfg = Debug|Any CPU
		{518D73C8-6845-41D8-A8CC-BDFEAB1041DE}.Debug|Any CPU.Build.0 = Debug|Any CPU
		{518D73C8-6845-41D8-A8CC-BDFEAB1041DE}.Release|Any CPU.ActiveCfg = Release|Any CPU
		{518D73C8-6845-41D8-A8CC-BDFEAB1041DE}.Release|Any CPU.Build.0 = Release|Any CPU
		{ED071C2B-D69F-413B-AC23-DA1E149E0AFA}.Debug|Any CPU.ActiveCfg = Debug|Any CPU
		{ED071C2B-D69F-413B-AC23-DA1E149E0AFA}.Debug|Any CPU.Build.0 = Debug|Any CPU
		{ED071C2B-D69F-413B-AC23-DA1E149E0AFA}.Release|Any CPU.ActiveCfg = Release|Any CPU
		{ED071C2B-D69F-413B-AC23-DA1E149E0AFA}.Release|Any CPU.Build.0 = Release|Any CPU
		{CAE4F4DE-26DA-4822-B7EA-9BE516B9B04A}.Debug|Any CPU.ActiveCfg = Debug|Any CPU
		{CAE4F4DE-26DA-4822-B7EA-9BE516B9B04A}.Debug|Any CPU.Build.0 = Debug|Any CPU
		{CAE4F4DE-26DA-4822-B7EA-9BE516B9B04A}.Release|Any CPU.ActiveCfg = Release|Any CPU
		{CAE4F4DE-26DA-4822-B7EA-9BE516B9B04A}.Release|Any CPU.Build.0 = Release|Any CPU
	EndGlobalSection
	GlobalSection(SolutionProperties) = preSolution
		HideSolutionNode = FALSE
	EndGlobalSection
	GlobalSection(NestedProjects) = preSolution
		{518D73C8-6845-41D8-A8CC-BDFEAB1041DE} = {4D84D0DA-0AF7-4B07-BCE1-88CC2C78F46A}
		{ED071C2B-D69F-413B-AC23-DA1E149E0AFA} = {7D845232-1964-41E6-AECF-C65405C5CE9C}
		{CAE4F4DE-26DA-4822-B7EA-9BE516B9B04A} = {51D9D999-533F-4B66-BFAE-CE03B0F19447}
	EndGlobalSection
	GlobalSection(ExtensibilityGlobals) = postSolution
		SolutionGuid = {BCB39B9C-9468-4C33-94D1-7B33F51A7F8E}
	EndGlobalSection
EndGlobal
